
Microsoft Visual Studio Solution File, Format Version 12.00
# Visual Studio Version 17
VisualStudioVersion = 17.11.35222.181
MinimumVisualStudioVersion = 10.0.40219.1
Project("{8BC9CEB8-8B4A-11D0-8D11-00A0C91BC942}") = "LB6.4re", "LB6.4re.vcxproj", "{47E3FEF3-4A30-4D5B-BFCA-BC751E2CB1FA}"
EndProject
Project("{8BC9CEB8-8B4A-11D0-8D11-00A0C91BC942}") = "UnitTest6.4re", "..\UnitTest6.4re\UnitTest6.4re.vcxproj", "{72133363-8E88-4349-8D2B-AE9ACD312C37}"
EndProject
Global
	GlobalSection(SolutionConfigurationPlatforms) = preSolution
		Debug|x64 = Debug|x64
		Debug|x86 = Debug|x86
		Release|x64 = Release|x64
		Release|x86 = Release|x86
	EndGlobalSection
	GlobalSection(ProjectConfigurationPlatforms) = postSolution
		{47E3FEF3-4A30-4D5B-BFCA-BC751E2CB1FA}.Debug|x64.ActiveCfg = Debug|x64
		{47E3FEF3-4A30-4D5B-BFCA-BC751E2CB1FA}.Debug|x64.Build.0 = Debug|x64
		{47E3FEF3-4A30-4D5B-BFCA-BC751E2CB1FA}.Debug|x86.ActiveCfg = Debug|Win32
		{47E3FEF3-4A30-4D5B-BFCA-BC751E2CB1FA}.Debug|x86.Build.0 = Debug|Win32
		{47E3FEF3-4A30-4D5B-BFCA-BC751E2CB1FA}.Release|x64.ActiveCfg = Release|x64
		{47E3FEF3-4A30-4D5B-BFCA-BC751E2CB1FA}.Release|x64.Build.0 = Release|x64
		{47E3FEF3-4A30-4D5B-BFCA-BC751E2CB1FA}.Release|x86.ActiveCfg = Release|Win32
		{47E3FEF3-4A30-4D5B-BFCA-BC751E2CB1FA}.Release|x86.Build.0 = Release|Win32
		{72133363-8E88-4349-8D2B-AE9ACD312C37}.Debug|x64.ActiveCfg = Debug|x64
		{72133363-8E88-4349-8D2B-AE9ACD312C37}.Debug|x64.Build.0 = Debug|x64
		{72133363-8E88-4349-8D2B-AE9ACD312C37}.Debug|x86.ActiveCfg = Debug|Win32
		{72133363-8E88-4349-8D2B-AE9ACD312C37}.Debug|x86.Build.0 = Debug|Win32
		{72133363-8E88-4349-8D2B-AE9ACD312C37}.Release|x64.ActiveCfg = Release|x64
		{72133363-8E88-4349-8D2B-AE9ACD312C37}.Release|x64.Build.0 = Release|x64
		{72133363-8E88-4349-8D2B-AE9ACD312C37}.Release|x86.ActiveCfg = Release|Win32
		{72133363-8E88-4349-8D2B-AE9ACD312C37}.Release|x86.Build.0 = Release|Win32
	EndGlobalSection
	GlobalSection(SolutionProperties) = preSolution
		HideSolutionNode = FALSE
	EndGlobalSection
	GlobalSection(ExtensibilityGlobals) = postSolution
		SolutionGuid = {48B4CFCA-5878-4BAC-89F2-E45509F37080}
	EndGlobalSection
EndGlobal
